
Microsoft Visual Studio Solution File, Format Version 12.00
# Visual Studio Version 16
VisualStudioVersion = 16.0.30804.86
MinimumVisualStudioVersion = 10.0.40219.1
Project("{8BC9CEB8-8B4A-11D0-8D11-00A0C91BC942}") = "Ejercicio13", "Ejercicio13\Ejercicio13.vcxproj", "{FA67294A-9194-4E06-ABC2-CB7FADF59DCE}"
EndProject
Global
	GlobalSection(SolutionConfigurationPlatforms) = preSolution
		Debug|x64 = Debug|x64
		Debug|x86 = Debug|x86
		Release|x64 = Release|x64
		Release|x86 = Release|x86
	EndGlobalSection
	GlobalSection(ProjectConfigurationPlatforms) = postSolution
		{FA67294A-9194-4E06-ABC2-CB7FADF59DCE}.Debug|x64.ActiveCfg = Debug|x64
		{FA67294A-9194-4E06-ABC2-CB7FADF59DCE}.Debug|x64.Build.0 = Debug|x64
		{FA67294A-9194-4E06-ABC2-CB7FADF59DCE}.Debug|x86.ActiveCfg = Debug|Win32
		{FA67294A-9194-4E06-ABC2-CB7FADF59DCE}.Debug|x86.Build.0 = Debug|Win32
		{FA67294A-9194-4E06-ABC2-CB7FADF59DCE}.Release|x64.ActiveCfg = Release|x64
		{FA67294A-9194-4E06-ABC2-CB7FADF59DCE}.Release|x64.Build.0 = Release|x64
		{FA67294A-9194-4E06-ABC2-CB7FADF59DCE}.Release|x86.ActiveCfg = Release|Win32
		{FA67294A-9194-4E06-ABC2-CB7FADF59DCE}.Release|x86.Build.0 = Release|Win32
	EndGlobalSection
	GlobalSection(SolutionProperties) = preSolution
		HideSolutionNode = FALSE
	EndGlobalSection
	GlobalSection(ExtensibilityGlobals) = postSolution
		SolutionGuid = {31F93869-1980-458B-867D-23485FBD0015}
	EndGlobalSection
EndGlobal
